// !$*UTF8*$!
{
	archiveVersion = 1;
	classes = {
	};
	objectVersion = 56;
	objects = {

/* Begin PBXBuildFile section */
		E43167E92B026AAA00C3974A /* User.swift in Sources */ = {isa = PBXBuildFile; fileRef = E44663872B000C1800F67F83 /* User.swift */; };
		E43167EA2B026AC600C3974A /* AuthManager.swift in Sources */ = {isa = PBXBuildFile; fileRef = E446638E2B00100C00F67F83 /* AuthManager.swift */; };
		E43167EB2B026AD900C3974A /* LoginError.swift in Sources */ = {isa = PBXBuildFile; fileRef = E44663902B0012F000F67F83 /* LoginError.swift */; };
		E43167EC2B026AFB00C3974A /* LoginViewProtocols.swift in Sources */ = {isa = PBXBuildFile; fileRef = E446638B2B000C4700F67F83 /* LoginViewProtocols.swift */; };
		E43167ED2B026B0A00C3974A /* LoginInteractor.swift in Sources */ = {isa = PBXBuildFile; fileRef = E44663832B000BE200F67F83 /* LoginInteractor.swift */; };
		E43167EE2B026B1400C3974A /* LoginPresenter.swift in Sources */ = {isa = PBXBuildFile; fileRef = E44663852B000BFA00F67F83 /* LoginPresenter.swift */; };
		E43167F02B026B2C00C3974A /* LoginRouter.swift in Sources */ = {isa = PBXBuildFile; fileRef = E44663892B000C2400F67F83 /* LoginRouter.swift */; };
		E44663262AFFCCD300F67F83 /* AppDelegate.swift in Sources */ = {isa = PBXBuildFile; fileRef = E44663252AFFCCD300F67F83 /* AppDelegate.swift */; };
		E446632A2AFFCCD300F67F83 /* LoginView.swift in Sources */ = {isa = PBXBuildFile; fileRef = E44663292AFFCCD300F67F83 /* LoginView.swift */; };
		E446632D2AFFCCD300F67F83 /* LoginView.storyboard in Resources */ = {isa = PBXBuildFile; fileRef = E446632B2AFFCCD300F67F83 /* LoginView.storyboard */; };
		E446632F2AFFCCD500F67F83 /* Assets.xcassets in Resources */ = {isa = PBXBuildFile; fileRef = E446632E2AFFCCD500F67F83 /* Assets.xcassets */; };
		E44663322AFFCCD500F67F83 /* LaunchScreen.storyboard in Resources */ = {isa = PBXBuildFile; fileRef = E44663302AFFCCD500F67F83 /* LaunchScreen.storyboard */; };
		E446633D2AFFCCD600F67F83 /* CoppelTestTests.swift in Sources */ = {isa = PBXBuildFile; fileRef = E446633C2AFFCCD600F67F83 /* CoppelTestTests.swift */; };
		E44663472AFFCCD600F67F83 /* CoppelTestUITests.swift in Sources */ = {isa = PBXBuildFile; fileRef = E44663462AFFCCD600F67F83 /* CoppelTestUITests.swift */; };
		E44663492AFFCCD600F67F83 /* CoppelTestUITestsLaunchTests.swift in Sources */ = {isa = PBXBuildFile; fileRef = E44663482AFFCCD600F67F83 /* CoppelTestUITestsLaunchTests.swift */; };
		E44663632AFFD9E300F67F83 /* SF-Pro-Display-Medium.otf in Resources */ = {isa = PBXBuildFile; fileRef = E446635F2AFFD9E200F67F83 /* SF-Pro-Display-Medium.otf */; };
		E44663642AFFD9E300F67F83 /* SF-Pro-Display-Bold.otf in Resources */ = {isa = PBXBuildFile; fileRef = E44663602AFFD9E200F67F83 /* SF-Pro-Display-Bold.otf */; };
		E44663652AFFD9E300F67F83 /* SF-Pro-Display-Light.otf in Resources */ = {isa = PBXBuildFile; fileRef = E44663612AFFD9E300F67F83 /* SF-Pro-Display-Light.otf */; };
		E44663662AFFD9E300F67F83 /* SF-Pro-Display-Regular.otf in Resources */ = {isa = PBXBuildFile; fileRef = E44663622AFFD9E300F67F83 /* SF-Pro-Display-Regular.otf */; };
		E446636B2AFFDBA900F67F83 /* UIView.swift in Sources */ = {isa = PBXBuildFile; fileRef = E446636A2AFFDBA900F67F83 /* UIView.swift */; };
		E446636E2AFFDFBC00F67F83 /* Colors.swift in Sources */ = {isa = PBXBuildFile; fileRef = E446636D2AFFDFBC00F67F83 /* Colors.swift */; };
		E44663702AFFE03800F67F83 /* Colors.xcassets in Resources */ = {isa = PBXBuildFile; fileRef = E446636F2AFFE03800F67F83 /* Colors.xcassets */; };
		E44663742AFFEA1600F67F83 /* Images.swift in Sources */ = {isa = PBXBuildFile; fileRef = E44663732AFFEA1600F67F83 /* Images.swift */; };
		E44663772AFFEADA00F67F83 /* PasswordField.swift in Sources */ = {isa = PBXBuildFile; fileRef = E44663762AFFEADA00F67F83 /* PasswordField.swift */; };
		E44663822B000AE800F67F83 /* GoogleService-Info.plist in Resources */ = {isa = PBXBuildFile; fileRef = E44663812B000AE800F67F83 /* GoogleService-Info.plist */; };
		E44663842B000BE200F67F83 /* LoginInteractor.swift in Sources */ = {isa = PBXBuildFile; fileRef = E44663832B000BE200F67F83 /* LoginInteractor.swift */; };
		E44663862B000BFA00F67F83 /* LoginPresenter.swift in Sources */ = {isa = PBXBuildFile; fileRef = E44663852B000BFA00F67F83 /* LoginPresenter.swift */; };
		E44663882B000C1800F67F83 /* User.swift in Sources */ = {isa = PBXBuildFile; fileRef = E44663872B000C1800F67F83 /* User.swift */; };
		E446638A2B000C2400F67F83 /* LoginRouter.swift in Sources */ = {isa = PBXBuildFile; fileRef = E44663892B000C2400F67F83 /* LoginRouter.swift */; };
		E446638C2B000C4700F67F83 /* LoginViewProtocols.swift in Sources */ = {isa = PBXBuildFile; fileRef = E446638B2B000C4700F67F83 /* LoginViewProtocols.swift */; };
		E446638F2B00100C00F67F83 /* AuthManager.swift in Sources */ = {isa = PBXBuildFile; fileRef = E446638E2B00100C00F67F83 /* AuthManager.swift */; };
		E44663912B0012F000F67F83 /* LoginError.swift in Sources */ = {isa = PBXBuildFile; fileRef = E44663902B0012F000F67F83 /* LoginError.swift */; };
		E44663932B001FFC00F67F83 /* UIViewController+ShowMessage.swift in Sources */ = {isa = PBXBuildFile; fileRef = E44663922B001FFC00F67F83 /* UIViewController+ShowMessage.swift */; };
		E44663962B00219C00F67F83 /* LoginViewBuilder.swift in Sources */ = {isa = PBXBuildFile; fileRef = E44663952B00219C00F67F83 /* LoginViewBuilder.swift */; };
		E46C9AB82B03B75C00FC9D2C /* BaseCollectionView.swift in Sources */ = {isa = PBXBuildFile; fileRef = E46C9AB72B03B75C00FC9D2C /* BaseCollectionView.swift */; };
		E46C9ABB2B03C73700FC9D2C /* BrandsCollectionCell.swift in Sources */ = {isa = PBXBuildFile; fileRef = E46C9ABA2B03C73700FC9D2C /* BrandsCollectionCell.swift */; };
		E46C9ABD2B03CF9E00FC9D2C /* NavController+Transition.swift in Sources */ = {isa = PBXBuildFile; fileRef = E46C9ABC2B03CF9E00FC9D2C /* NavController+Transition.swift */; };
		E46C9ABF2B03D9D500FC9D2C /* ActivityIndicatable.swift in Sources */ = {isa = PBXBuildFile; fileRef = E46C9ABE2B03D9D500FC9D2C /* ActivityIndicatable.swift */; };
		E46C9AC12B03D9FE00FC9D2C /* String+Width.swift in Sources */ = {isa = PBXBuildFile; fileRef = E46C9AC02B03D9FE00FC9D2C /* String+Width.swift */; };
		E46C9AC42B04144C00FC9D2C /* RealtimeProvider.swift in Sources */ = {isa = PBXBuildFile; fileRef = E46C9AC32B04144C00FC9D2C /* RealtimeProvider.swift */; };
		E46C9AC62B041DA200FC9D2C /* RealTimeKeys.swift in Sources */ = {isa = PBXBuildFile; fileRef = E46C9AC52B041DA200FC9D2C /* RealTimeKeys.swift */; };
		E46C9AC82B0427EA00FC9D2C /* MaintenanceView.swift in Sources */ = {isa = PBXBuildFile; fileRef = E46C9AC72B0427EA00FC9D2C /* MaintenanceView.swift */; };
		E46C9ACB2B04280200FC9D2C /* MaintenanceView.storyboard in Resources */ = {isa = PBXBuildFile; fileRef = E46C9ACA2B04280200FC9D2C /* MaintenanceView.storyboard */; };
		E46C9ACE2B042D7300FC9D2C /* UIWindow+TopMostController.swift in Sources */ = {isa = PBXBuildFile; fileRef = E46C9ACD2B042D7300FC9D2C /* UIWindow+TopMostController.swift */; };
		E46C9AD02B04637B00FC9D2C /* PromoBanner.swift in Sources */ = {isa = PBXBuildFile; fileRef = E46C9ACF2B04637B00FC9D2C /* PromoBanner.swift */; };
		E4AFC7AC2B0278230053EEF0 /* FirebaseAuth in Frameworks */ = {isa = PBXBuildFile; productRef = E4AFC7AB2B0278230053EEF0 /* FirebaseAuth */; };
		E4AFC7AE2B0278230053EEF0 /* FirebaseFirestore in Frameworks */ = {isa = PBXBuildFile; productRef = E4AFC7AD2B0278230053EEF0 /* FirebaseFirestore */; };
		E4AFC7B02B0278230053EEF0 /* FirebaseRemoteConfig in Frameworks */ = {isa = PBXBuildFile; productRef = E4AFC7AF2B0278230053EEF0 /* FirebaseRemoteConfig */; };
		E4D900DD2B028A5100045FFD /* HomeView.swift in Sources */ = {isa = PBXBuildFile; fileRef = E4D900DC2B028A5100045FFD /* HomeView.swift */; };
		E4D900DF2B028A5D00045FFD /* HomeView.storyboard in Resources */ = {isa = PBXBuildFile; fileRef = E4D900DE2B028A5D00045FFD /* HomeView.storyboard */; };
		E4D900E62B028E4600045FFD /* Category.swift in Sources */ = {isa = PBXBuildFile; fileRef = E4D900E52B028E4600045FFD /* Category.swift */; };
		E4D900E82B028F9F00045FFD /* CategoryCollectionCell.swift in Sources */ = {isa = PBXBuildFile; fileRef = E4D900E72B028F9F00045FFD /* CategoryCollectionCell.swift */; };
		E4D900EA2B0297EF00045FFD /* Strings.swift in Sources */ = {isa = PBXBuildFile; fileRef = E4D900E92B0297EF00045FFD /* Strings.swift */; };
		E4D900ED2B02989900045FFD /* HomeViewBuilder.swift in Sources */ = {isa = PBXBuildFile; fileRef = E4D900EC2B02989900045FFD /* HomeViewBuilder.swift */; };
		E4D900EF2B0298BF00045FFD /* HomeRouter.swift in Sources */ = {isa = PBXBuildFile; fileRef = E4D900EE2B0298BF00045FFD /* HomeRouter.swift */; };
		E4D900F12B029FD200045FFD /* UIImageView+Download.swift in Sources */ = {isa = PBXBuildFile; fileRef = E4D900F02B029FD200045FFD /* UIImageView+Download.swift */; };
		E4D900F32B02C15300045FFD /* CategoriesProvider.swift in Sources */ = {isa = PBXBuildFile; fileRef = E4D900F22B02C15300045FFD /* CategoriesProvider.swift */; };
		E4D900F52B02C26C00045FFD /* ProviderError.swift in Sources */ = {isa = PBXBuildFile; fileRef = E4D900F42B02C26C00045FFD /* ProviderError.swift */; };
		E4D900F82B02C4AA00045FFD /* HomeProtocols.swift in Sources */ = {isa = PBXBuildFile; fileRef = E4D900F72B02C4AA00045FFD /* HomeProtocols.swift */; };
		E4D900FA2B02C5C900045FFD /* HomePresenter.swift in Sources */ = {isa = PBXBuildFile; fileRef = E4D900F92B02C5C900045FFD /* HomePresenter.swift */; };
		E4D900FC2B02C93B00045FFD /* HomeInteractor.swift in Sources */ = {isa = PBXBuildFile; fileRef = E4D900FB2B02C93B00045FFD /* HomeInteractor.swift */; };
		E4D900FE2B02D63D00045FFD /* MostSelledProvider.swift in Sources */ = {isa = PBXBuildFile; fileRef = E4D900FD2B02D63D00045FFD /* MostSelledProvider.swift */; };
		E4D901002B02D66D00045FFD /* BaseProvider.swift in Sources */ = {isa = PBXBuildFile; fileRef = E4D900FF2B02D66D00045FFD /* BaseProvider.swift */; };
		E4D901032B02D86B00045FFD /* MostSelled.swift in Sources */ = {isa = PBXBuildFile; fileRef = E4D901022B02D86B00045FFD /* MostSelled.swift */; };
		E4D901052B02D87900045FFD /* Brand.swift in Sources */ = {isa = PBXBuildFile; fileRef = E4D901042B02D87900045FFD /* Brand.swift */; };
		E4D901072B02D98800045FFD /* BrandsProvider.swift in Sources */ = {isa = PBXBuildFile; fileRef = E4D901062B02D98800045FFD /* BrandsProvider.swift */; };
		E4D9010D2B02FA6100045FFD /* MostSelledCollectionCell.swift in Sources */ = {isa = PBXBuildFile; fileRef = E4D9010C2B02FA6100045FFD /* MostSelledCollectionCell.swift */; };
		E4D9010F2B02FB9100045FFD /* TagView.swift in Sources */ = {isa = PBXBuildFile; fileRef = E4D9010E2B02FB9100045FFD /* TagView.swift */; };
		E4D901142B02FC1800045FFD /* TagType.swift in Sources */ = {isa = PBXBuildFile; fileRef = E4D901132B02FC1800045FFD /* TagType.swift */; };
		E4D901182B030EC200045FFD /* String+StrikeThrough.swift in Sources */ = {isa = PBXBuildFile; fileRef = E4D901172B030EC200045FFD /* String+StrikeThrough.swift */; };
/* End PBXBuildFile section */

/* Begin PBXContainerItemProxy section */
		E44663392AFFCCD600F67F83 /* PBXContainerItemProxy */ = {
			isa = PBXContainerItemProxy;
			containerPortal = E446631A2AFFCCD300F67F83 /* Project object */;
			proxyType = 1;
			remoteGlobalIDString = E44663212AFFCCD300F67F83;
			remoteInfo = CoppelTest;
		};
		E44663432AFFCCD600F67F83 /* PBXContainerItemProxy */ = {
			isa = PBXContainerItemProxy;
			containerPortal = E446631A2AFFCCD300F67F83 /* Project object */;
			proxyType = 1;
			remoteGlobalIDString = E44663212AFFCCD300F67F83;
			remoteInfo = CoppelTest;
		};
/* End PBXContainerItemProxy section */

/* Begin PBXFileReference section */
		E44663222AFFCCD300F67F83 /* CoppelTest.app */ = {isa = PBXFileReference; explicitFileType = wrapper.application; includeInIndex = 0; path = CoppelTest.app; sourceTree = BUILT_PRODUCTS_DIR; };
		E44663252AFFCCD300F67F83 /* AppDelegate.swift */ = {isa = PBXFileReference; lastKnownFileType = sourcecode.swift; path = AppDelegate.swift; sourceTree = "<group>"; };
		E44663292AFFCCD300F67F83 /* LoginView.swift */ = {isa = PBXFileReference; lastKnownFileType = sourcecode.swift; path = LoginView.swift; sourceTree = "<group>"; };
		E446632C2AFFCCD300F67F83 /* Base */ = {isa = PBXFileReference; lastKnownFileType = file.storyboard; name = Base; path = Base.lproj/LoginView.storyboard; sourceTree = "<group>"; };
		E446632E2AFFCCD500F67F83 /* Assets.xcassets */ = {isa = PBXFileReference; lastKnownFileType = folder.assetcatalog; path = Assets.xcassets; sourceTree = "<group>"; };
		E44663312AFFCCD500F67F83 /* Base */ = {isa = PBXFileReference; lastKnownFileType = file.storyboard; name = Base; path = Base.lproj/LaunchScreen.storyboard; sourceTree = "<group>"; };
		E44663332AFFCCD500F67F83 /* Info.plist */ = {isa = PBXFileReference; lastKnownFileType = text.plist.xml; path = Info.plist; sourceTree = "<group>"; };
		E44663382AFFCCD600F67F83 /* CoppelTestTests.xctest */ = {isa = PBXFileReference; explicitFileType = wrapper.cfbundle; includeInIndex = 0; path = CoppelTestTests.xctest; sourceTree = BUILT_PRODUCTS_DIR; };
		E446633C2AFFCCD600F67F83 /* CoppelTestTests.swift */ = {isa = PBXFileReference; lastKnownFileType = sourcecode.swift; path = CoppelTestTests.swift; sourceTree = "<group>"; };
		E44663422AFFCCD600F67F83 /* CoppelTestUITests.xctest */ = {isa = PBXFileReference; explicitFileType = wrapper.cfbundle; includeInIndex = 0; path = CoppelTestUITests.xctest; sourceTree = BUILT_PRODUCTS_DIR; };
		E44663462AFFCCD600F67F83 /* CoppelTestUITests.swift */ = {isa = PBXFileReference; lastKnownFileType = sourcecode.swift; path = CoppelTestUITests.swift; sourceTree = "<group>"; };
		E44663482AFFCCD600F67F83 /* CoppelTestUITestsLaunchTests.swift */ = {isa = PBXFileReference; lastKnownFileType = sourcecode.swift; path = CoppelTestUITestsLaunchTests.swift; sourceTree = "<group>"; };
		E446635F2AFFD9E200F67F83 /* SF-Pro-Display-Medium.otf */ = {isa = PBXFileReference; lastKnownFileType = file; path = "SF-Pro-Display-Medium.otf"; sourceTree = "<group>"; };
		E44663602AFFD9E200F67F83 /* SF-Pro-Display-Bold.otf */ = {isa = PBXFileReference; lastKnownFileType = file; path = "SF-Pro-Display-Bold.otf"; sourceTree = "<group>"; };
		E44663612AFFD9E300F67F83 /* SF-Pro-Display-Light.otf */ = {isa = PBXFileReference; lastKnownFileType = file; path = "SF-Pro-Display-Light.otf"; sourceTree = "<group>"; };
		E44663622AFFD9E300F67F83 /* SF-Pro-Display-Regular.otf */ = {isa = PBXFileReference; lastKnownFileType = file; path = "SF-Pro-Display-Regular.otf"; sourceTree = "<group>"; };
		E446636A2AFFDBA900F67F83 /* UIView.swift */ = {isa = PBXFileReference; lastKnownFileType = sourcecode.swift; path = UIView.swift; sourceTree = "<group>"; };
		E446636D2AFFDFBC00F67F83 /* Colors.swift */ = {isa = PBXFileReference; lastKnownFileType = sourcecode.swift; path = Colors.swift; sourceTree = "<group>"; };
		E446636F2AFFE03800F67F83 /* Colors.xcassets */ = {isa = PBXFileReference; lastKnownFileType = folder.assetcatalog; path = Colors.xcassets; sourceTree = "<group>"; };
		E44663732AFFEA1600F67F83 /* Images.swift */ = {isa = PBXFileReference; lastKnownFileType = sourcecode.swift; path = Images.swift; sourceTree = "<group>"; };
		E44663762AFFEADA00F67F83 /* PasswordField.swift */ = {isa = PBXFileReference; lastKnownFileType = sourcecode.swift; path = PasswordField.swift; sourceTree = "<group>"; };
		E44663812B000AE800F67F83 /* GoogleService-Info.plist */ = {isa = PBXFileReference; fileEncoding = 4; lastKnownFileType = text.plist.xml; path = "GoogleService-Info.plist"; sourceTree = "<group>"; };
		E44663832B000BE200F67F83 /* LoginInteractor.swift */ = {isa = PBXFileReference; lastKnownFileType = sourcecode.swift; path = LoginInteractor.swift; sourceTree = "<group>"; };
		E44663852B000BFA00F67F83 /* LoginPresenter.swift */ = {isa = PBXFileReference; lastKnownFileType = sourcecode.swift; path = LoginPresenter.swift; sourceTree = "<group>"; };
		E44663872B000C1800F67F83 /* User.swift */ = {isa = PBXFileReference; lastKnownFileType = sourcecode.swift; path = User.swift; sourceTree = "<group>"; };
		E44663892B000C2400F67F83 /* LoginRouter.swift */ = {isa = PBXFileReference; lastKnownFileType = sourcecode.swift; path = LoginRouter.swift; sourceTree = "<group>"; };
		E446638B2B000C4700F67F83 /* LoginViewProtocols.swift */ = {isa = PBXFileReference; lastKnownFileType = sourcecode.swift; path = LoginViewProtocols.swift; sourceTree = "<group>"; };
		E446638E2B00100C00F67F83 /* AuthManager.swift */ = {isa = PBXFileReference; lastKnownFileType = sourcecode.swift; path = AuthManager.swift; sourceTree = "<group>"; };
		E44663902B0012F000F67F83 /* LoginError.swift */ = {isa = PBXFileReference; lastKnownFileType = sourcecode.swift; path = LoginError.swift; sourceTree = "<group>"; };
		E44663922B001FFC00F67F83 /* UIViewController+ShowMessage.swift */ = {isa = PBXFileReference; lastKnownFileType = sourcecode.swift; path = "UIViewController+ShowMessage.swift"; sourceTree = "<group>"; };
		E44663952B00219C00F67F83 /* LoginViewBuilder.swift */ = {isa = PBXFileReference; lastKnownFileType = sourcecode.swift; path = LoginViewBuilder.swift; sourceTree = "<group>"; };
		E46C9AB72B03B75C00FC9D2C /* BaseCollectionView.swift */ = {isa = PBXFileReference; lastKnownFileType = sourcecode.swift; path = BaseCollectionView.swift; sourceTree = "<group>"; };
		E46C9ABA2B03C73700FC9D2C /* BrandsCollectionCell.swift */ = {isa = PBXFileReference; lastKnownFileType = sourcecode.swift; path = BrandsCollectionCell.swift; sourceTree = "<group>"; };
		E46C9ABC2B03CF9E00FC9D2C /* NavController+Transition.swift */ = {isa = PBXFileReference; lastKnownFileType = sourcecode.swift; path = "NavController+Transition.swift"; sourceTree = "<group>"; };
		E46C9ABE2B03D9D500FC9D2C /* ActivityIndicatable.swift */ = {isa = PBXFileReference; lastKnownFileType = sourcecode.swift; path = ActivityIndicatable.swift; sourceTree = "<group>"; };
		E46C9AC02B03D9FE00FC9D2C /* String+Width.swift */ = {isa = PBXFileReference; lastKnownFileType = sourcecode.swift; path = "String+Width.swift"; sourceTree = "<group>"; };
		E46C9AC32B04144C00FC9D2C /* RealtimeProvider.swift */ = {isa = PBXFileReference; lastKnownFileType = sourcecode.swift; path = RealtimeProvider.swift; sourceTree = "<group>"; };
		E46C9AC52B041DA200FC9D2C /* RealTimeKeys.swift */ = {isa = PBXFileReference; lastKnownFileType = sourcecode.swift; path = RealTimeKeys.swift; sourceTree = "<group>"; };
		E46C9AC72B0427EA00FC9D2C /* MaintenanceView.swift */ = {isa = PBXFileReference; lastKnownFileType = sourcecode.swift; path = MaintenanceView.swift; sourceTree = "<group>"; };
		E46C9ACA2B04280200FC9D2C /* MaintenanceView.storyboard */ = {isa = PBXFileReference; lastKnownFileType = file.storyboard; path = MaintenanceView.storyboard; sourceTree = "<group>"; };
		E46C9ACD2B042D7300FC9D2C /* UIWindow+TopMostController.swift */ = {isa = PBXFileReference; lastKnownFileType = sourcecode.swift; path = "UIWindow+TopMostController.swift"; sourceTree = "<group>"; };
		E46C9ACF2B04637B00FC9D2C /* PromoBanner.swift */ = {isa = PBXFileReference; lastKnownFileType = sourcecode.swift; path = PromoBanner.swift; sourceTree = "<group>"; };
		E4D900DC2B028A5100045FFD /* HomeView.swift */ = {isa = PBXFileReference; lastKnownFileType = sourcecode.swift; path = HomeView.swift; sourceTree = "<group>"; };
		E4D900DE2B028A5D00045FFD /* HomeView.storyboard */ = {isa = PBXFileReference; lastKnownFileType = file.storyboard; path = HomeView.storyboard; sourceTree = "<group>"; };
		E4D900E52B028E4600045FFD /* Category.swift */ = {isa = PBXFileReference; lastKnownFileType = sourcecode.swift; path = Category.swift; sourceTree = "<group>"; };
		E4D900E72B028F9F00045FFD /* CategoryCollectionCell.swift */ = {isa = PBXFileReference; lastKnownFileType = sourcecode.swift; path = CategoryCollectionCell.swift; sourceTree = "<group>"; };
		E4D900E92B0297EF00045FFD /* Strings.swift */ = {isa = PBXFileReference; lastKnownFileType = sourcecode.swift; path = Strings.swift; sourceTree = "<group>"; };
		E4D900EC2B02989900045FFD /* HomeViewBuilder.swift */ = {isa = PBXFileReference; lastKnownFileType = sourcecode.swift; path = HomeViewBuilder.swift; sourceTree = "<group>"; };
		E4D900EE2B0298BF00045FFD /* HomeRouter.swift */ = {isa = PBXFileReference; lastKnownFileType = sourcecode.swift; path = HomeRouter.swift; sourceTree = "<group>"; };
		E4D900F02B029FD200045FFD /* UIImageView+Download.swift */ = {isa = PBXFileReference; lastKnownFileType = sourcecode.swift; path = "UIImageView+Download.swift"; sourceTree = "<group>"; };
		E4D900F22B02C15300045FFD /* CategoriesProvider.swift */ = {isa = PBXFileReference; lastKnownFileType = sourcecode.swift; path = CategoriesProvider.swift; sourceTree = "<group>"; };
		E4D900F42B02C26C00045FFD /* ProviderError.swift */ = {isa = PBXFileReference; lastKnownFileType = sourcecode.swift; path = ProviderError.swift; sourceTree = "<group>"; };
		E4D900F72B02C4AA00045FFD /* HomeProtocols.swift */ = {isa = PBXFileReference; lastKnownFileType = sourcecode.swift; path = HomeProtocols.swift; sourceTree = "<group>"; };
		E4D900F92B02C5C900045FFD /* HomePresenter.swift */ = {isa = PBXFileReference; lastKnownFileType = sourcecode.swift; path = HomePresenter.swift; sourceTree = "<group>"; };
		E4D900FB2B02C93B00045FFD /* HomeInteractor.swift */ = {isa = PBXFileReference; lastKnownFileType = sourcecode.swift; path = HomeInteractor.swift; sourceTree = "<group>"; };
		E4D900FD2B02D63D00045FFD /* MostSelledProvider.swift */ = {isa = PBXFileReference; lastKnownFileType = sourcecode.swift; path = MostSelledProvider.swift; sourceTree = "<group>"; };
		E4D900FF2B02D66D00045FFD /* BaseProvider.swift */ = {isa = PBXFileReference; lastKnownFileType = sourcecode.swift; path = BaseProvider.swift; sourceTree = "<group>"; };
		E4D901022B02D86B00045FFD /* MostSelled.swift */ = {isa = PBXFileReference; lastKnownFileType = sourcecode.swift; path = MostSelled.swift; sourceTree = "<group>"; };
		E4D901042B02D87900045FFD /* Brand.swift */ = {isa = PBXFileReference; lastKnownFileType = sourcecode.swift; path = Brand.swift; sourceTree = "<group>"; };
		E4D901062B02D98800045FFD /* BrandsProvider.swift */ = {isa = PBXFileReference; lastKnownFileType = sourcecode.swift; path = BrandsProvider.swift; sourceTree = "<group>"; };
		E4D9010C2B02FA6100045FFD /* MostSelledCollectionCell.swift */ = {isa = PBXFileReference; lastKnownFileType = sourcecode.swift; path = MostSelledCollectionCell.swift; sourceTree = "<group>"; };
		E4D9010E2B02FB9100045FFD /* TagView.swift */ = {isa = PBXFileReference; lastKnownFileType = sourcecode.swift; path = TagView.swift; sourceTree = "<group>"; };
		E4D901132B02FC1800045FFD /* TagType.swift */ = {isa = PBXFileReference; lastKnownFileType = sourcecode.swift; path = TagType.swift; sourceTree = "<group>"; };
		E4D901172B030EC200045FFD /* String+StrikeThrough.swift */ = {isa = PBXFileReference; lastKnownFileType = sourcecode.swift; path = "String+StrikeThrough.swift"; sourceTree = "<group>"; };
/* End PBXFileReference section */

/* Begin PBXFrameworksBuildPhase section */
		E446631F2AFFCCD300F67F83 /* Frameworks */ = {
			isa = PBXFrameworksBuildPhase;
			buildActionMask = 2147483647;
			files = (
				E4AFC7B02B0278230053EEF0 /* FirebaseRemoteConfig in Frameworks */,
				E4AFC7AC2B0278230053EEF0 /* FirebaseAuth in Frameworks */,
				E4AFC7AE2B0278230053EEF0 /* FirebaseFirestore in Frameworks */,
			);
			runOnlyForDeploymentPostprocessing = 0;
		};
		E44663352AFFCCD600F67F83 /* Frameworks */ = {
			isa = PBXFrameworksBuildPhase;
			buildActionMask = 2147483647;
			files = (
			);
			runOnlyForDeploymentPostprocessing = 0;
		};
		E446633F2AFFCCD600F67F83 /* Frameworks */ = {
			isa = PBXFrameworksBuildPhase;
			buildActionMask = 2147483647;
			files = (
			);
			runOnlyForDeploymentPostprocessing = 0;
		};
/* End PBXFrameworksBuildPhase section */

/* Begin PBXGroup section */
		E44663192AFFCCD300F67F83 = {
			isa = PBXGroup;
			children = (
				E44663242AFFCCD300F67F83 /* CoppelTest */,
				E446633B2AFFCCD600F67F83 /* CoppelTestTests */,
				E44663452AFFCCD600F67F83 /* CoppelTestUITests */,
				E44663232AFFCCD300F67F83 /* Products */,
			);
			sourceTree = "<group>";
		};
		E44663232AFFCCD300F67F83 /* Products */ = {
			isa = PBXGroup;
			children = (
				E44663222AFFCCD300F67F83 /* CoppelTest.app */,
				E44663382AFFCCD600F67F83 /* CoppelTestTests.xctest */,
				E44663422AFFCCD600F67F83 /* CoppelTestUITests.xctest */,
			);
			name = Products;
			sourceTree = "<group>";
		};
		E44663242AFFCCD300F67F83 /* CoppelTest */ = {
			isa = PBXGroup;
			children = (
				E446638D2B000FC500F67F83 /* Networking */,
				E44663752AFFEAC600F67F83 /* Common */,
				E44663672AFFDB8300F67F83 /* Utilities */,
				E446635D2AFFD9B400F67F83 /* Resources */,
				E44663552AFFCCE700F67F83 /* Login */,
				E4D900D52B0289EE00045FFD /* Home */,
				E44663252AFFCCD300F67F83 /* AppDelegate.swift */,
				E44663302AFFCCD500F67F83 /* LaunchScreen.storyboard */,
				E44663332AFFCCD500F67F83 /* Info.plist */,
			);
			path = CoppelTest;
			sourceTree = "<group>";
		};
		E446633B2AFFCCD600F67F83 /* CoppelTestTests */ = {
			isa = PBXGroup;
			children = (
				E446633C2AFFCCD600F67F83 /* CoppelTestTests.swift */,
			);
			path = CoppelTestTests;
			sourceTree = "<group>";
		};
		E44663452AFFCCD600F67F83 /* CoppelTestUITests */ = {
			isa = PBXGroup;
			children = (
				E44663462AFFCCD600F67F83 /* CoppelTestUITests.swift */,
				E44663482AFFCCD600F67F83 /* CoppelTestUITestsLaunchTests.swift */,
			);
			path = CoppelTestUITests;
			sourceTree = "<group>";
		};
		E44663552AFFCCE700F67F83 /* Login */ = {
			isa = PBXGroup;
			children = (
				E44663572AFFCD6100F67F83 /* View */,
				E44663582AFFCD6800F67F83 /* Interactor */,
				E44663592AFFCD7300F67F83 /* Presenter */,
				E446635C2AFFCDAE00F67F83 /* Entity */,
				E446635A2AFFCD7C00F67F83 /* Router */,
				E446635B2AFFCD8900F67F83 /* Protocols */,
				E44663562AFFCD5900F67F83 /* Common */,
			);
			path = Login;
			sourceTree = "<group>";
		};
		E44663562AFFCD5900F67F83 /* Common */ = {
			isa = PBXGroup;
			children = (
				E44663902B0012F000F67F83 /* LoginError.swift */,
				E44663952B00219C00F67F83 /* LoginViewBuilder.swift */,
			);
			path = Common;
			sourceTree = "<group>";
		};
		E44663572AFFCD6100F67F83 /* View */ = {
			isa = PBXGroup;
			children = (
				E44663292AFFCCD300F67F83 /* LoginView.swift */,
				E446632B2AFFCCD300F67F83 /* LoginView.storyboard */,
			);
			path = View;
			sourceTree = "<group>";
		};
		E44663582AFFCD6800F67F83 /* Interactor */ = {
			isa = PBXGroup;
			children = (
				E44663832B000BE200F67F83 /* LoginInteractor.swift */,
			);
			path = Interactor;
			sourceTree = "<group>";
		};
		E44663592AFFCD7300F67F83 /* Presenter */ = {
			isa = PBXGroup;
			children = (
				E44663852B000BFA00F67F83 /* LoginPresenter.swift */,
			);
			path = Presenter;
			sourceTree = "<group>";
		};
		E446635A2AFFCD7C00F67F83 /* Router */ = {
			isa = PBXGroup;
			children = (
				E44663892B000C2400F67F83 /* LoginRouter.swift */,
			);
			path = Router;
			sourceTree = "<group>";
		};
		E446635B2AFFCD8900F67F83 /* Protocols */ = {
			isa = PBXGroup;
			children = (
				E446638B2B000C4700F67F83 /* LoginViewProtocols.swift */,
			);
			path = Protocols;
			sourceTree = "<group>";
		};
		E446635C2AFFCDAE00F67F83 /* Entity */ = {
			isa = PBXGroup;
			children = (
				E44663872B000C1800F67F83 /* User.swift */,
			);
			path = Entity;
			sourceTree = "<group>";
		};
		E446635D2AFFD9B400F67F83 /* Resources */ = {
			isa = PBXGroup;
			children = (
				E44663812B000AE800F67F83 /* GoogleService-Info.plist */,
				E446632E2AFFCCD500F67F83 /* Assets.xcassets */,
				E446636F2AFFE03800F67F83 /* Colors.xcassets */,
				E446635E2AFFD9BB00F67F83 /* Fonts */,
			);
			path = Resources;
			sourceTree = "<group>";
		};
		E446635E2AFFD9BB00F67F83 /* Fonts */ = {
			isa = PBXGroup;
			children = (
				E44663602AFFD9E200F67F83 /* SF-Pro-Display-Bold.otf */,
				E44663612AFFD9E300F67F83 /* SF-Pro-Display-Light.otf */,
				E446635F2AFFD9E200F67F83 /* SF-Pro-Display-Medium.otf */,
				E44663622AFFD9E300F67F83 /* SF-Pro-Display-Regular.otf */,
			);
			path = Fonts;
			sourceTree = "<group>";
		};
		E44663672AFFDB8300F67F83 /* Utilities */ = {
			isa = PBXGroup;
			children = (
				E44663682AFFDB8E00F67F83 /* Extensions */,
			);
			path = Utilities;
			sourceTree = "<group>";
		};
		E44663682AFFDB8E00F67F83 /* Extensions */ = {
			isa = PBXGroup;
			children = (
				E46C9AC22B03DA0100FC9D2C /* String */,
				E44663922B001FFC00F67F83 /* UIViewController+ShowMessage.swift */,
				E446636A2AFFDBA900F67F83 /* UIView.swift */,
				E4D900F02B029FD200045FFD /* UIImageView+Download.swift */,
				E46C9ABC2B03CF9E00FC9D2C /* NavController+Transition.swift */,
				E46C9ACD2B042D7300FC9D2C /* UIWindow+TopMostController.swift */,
			);
			path = Extensions;
			sourceTree = "<group>";
		};
		E446636C2AFFDFAA00F67F83 /* Constants */ = {
			isa = PBXGroup;
			children = (
				E446636D2AFFDFBC00F67F83 /* Colors.swift */,
				E44663732AFFEA1600F67F83 /* Images.swift */,
				E4D900E92B0297EF00045FFD /* Strings.swift */,
			);
			path = Constants;
			sourceTree = "<group>";
		};
		E44663752AFFEAC600F67F83 /* Common */ = {
			isa = PBXGroup;
			children = (
				E446636C2AFFDFAA00F67F83 /* Constants */,
				E4D901122B02FC0700045FFD /* Enums */,
				E4D900E42B028D9400045FFD /* Entity */,
				E4D900E32B028D8A00045FFD /* Views */,
			);
			path = Common;
			sourceTree = "<group>";
		};
		E446638D2B000FC500F67F83 /* Networking */ = {
			isa = PBXGroup;
			children = (
				E4D901012B02D6B500045FFD /* Providers */,
				E446638E2B00100C00F67F83 /* AuthManager.swift */,
			);
			path = Networking;
			sourceTree = "<group>";
		};
		E46C9AB92B03C71C00FC9D2C /* BrandsCollectionCell */ = {
			isa = PBXGroup;
			children = (
				E46C9ABA2B03C73700FC9D2C /* BrandsCollectionCell.swift */,
			);
			path = BrandsCollectionCell;
			sourceTree = "<group>";
		};
		E46C9AC22B03DA0100FC9D2C /* String */ = {
			isa = PBXGroup;
			children = (
				E4D901172B030EC200045FFD /* String+StrikeThrough.swift */,
				E46C9AC02B03D9FE00FC9D2C /* String+Width.swift */,
			);
			path = String;
			sourceTree = "<group>";
		};
		E46C9AC92B0427F100FC9D2C /* Maintenance */ = {
			isa = PBXGroup;
			children = (
				E46C9AC72B0427EA00FC9D2C /* MaintenanceView.swift */,
				E46C9ACA2B04280200FC9D2C /* MaintenanceView.storyboard */,
			);
			path = Maintenance;
			sourceTree = "<group>";
		};
		E4D900D52B0289EE00045FFD /* Home */ = {
			isa = PBXGroup;
			children = (
				E4D900DB2B028A2E00045FFD /* View */,
				E4D900DA2B028A2700045FFD /* Interactor */,
				E4D900D92B028A2100045FFD /* Presenter */,
				E4D900D82B028A1900045FFD /* Entity */,
				E4D900D72B028A1200045FFD /* Router */,
				E4D900D62B028A0700045FFD /* Protocols */,
				E4D900EB2B02987700045FFD /* Common */,
			);
			path = Home;
			sourceTree = "<group>";
		};
		E4D900D62B028A0700045FFD /* Protocols */ = {
			isa = PBXGroup;
			children = (
				E4D900F72B02C4AA00045FFD /* HomeProtocols.swift */,
			);
			path = Protocols;
			sourceTree = "<group>";
		};
		E4D900D72B028A1200045FFD /* Router */ = {
			isa = PBXGroup;
			children = (
				E4D900EE2B0298BF00045FFD /* HomeRouter.swift */,
			);
			path = Router;
			sourceTree = "<group>";
		};
		E4D900D82B028A1900045FFD /* Entity */ = {
			isa = PBXGroup;
			children = (
			);
			path = Entity;
			sourceTree = "<group>";
		};
		E4D900D92B028A2100045FFD /* Presenter */ = {
			isa = PBXGroup;
			children = (
				E4D900F92B02C5C900045FFD /* HomePresenter.swift */,
			);
			path = Presenter;
			sourceTree = "<group>";
		};
		E4D900DA2B028A2700045FFD /* Interactor */ = {
			isa = PBXGroup;
			children = (
				E4D900FB2B02C93B00045FFD /* HomeInteractor.swift */,
			);
			path = Interactor;
			sourceTree = "<group>";
		};
		E4D900DB2B028A2E00045FFD /* View */ = {
			isa = PBXGroup;
			children = (
				E4D900DC2B028A5100045FFD /* HomeView.swift */,
				E4D900DE2B028A5D00045FFD /* HomeView.storyboard */,
			);
			path = View;
			sourceTree = "<group>";
		};
		E4D900E32B028D8A00045FFD /* Views */ = {
			isa = PBXGroup;
			children = (
				E46C9AC92B0427F100FC9D2C /* Maintenance */,
				E46C9AB72B03B75C00FC9D2C /* BaseCollectionView.swift */,
				E46C9AB92B03C71C00FC9D2C /* BrandsCollectionCell */,
				E4D901092B02F95C00045FFD /* MostSelledCollectionCell */,
				E4D901082B02F94900045FFD /* CategoryCollectionCell */,
				E44663762AFFEADA00F67F83 /* PasswordField.swift */,
				E46C9ABE2B03D9D500FC9D2C /* ActivityIndicatable.swift */,
			);
			path = Views;
			sourceTree = "<group>";
		};
		E4D900E42B028D9400045FFD /* Entity */ = {
			isa = PBXGroup;
			children = (
				E4D900F42B02C26C00045FFD /* ProviderError.swift */,
				E4D900E52B028E4600045FFD /* Category.swift */,
				E4D901022B02D86B00045FFD /* MostSelled.swift */,
				E4D901042B02D87900045FFD /* Brand.swift */,
				E46C9ACF2B04637B00FC9D2C /* PromoBanner.swift */,
			);
			path = Entity;
			sourceTree = "<group>";
		};
		E4D900EB2B02987700045FFD /* Common */ = {
			isa = PBXGroup;
			children = (
				E4D900EC2B02989900045FFD /* HomeViewBuilder.swift */,
			);
			path = Common;
			sourceTree = "<group>";
		};
		E4D901012B02D6B500045FFD /* Providers */ = {
			isa = PBXGroup;
			children = (
				E4D900FF2B02D66D00045FFD /* BaseProvider.swift */,
				E4D900F22B02C15300045FFD /* CategoriesProvider.swift */,
				E4D900FD2B02D63D00045FFD /* MostSelledProvider.swift */,
				E4D901062B02D98800045FFD /* BrandsProvider.swift */,
				E46C9AC32B04144C00FC9D2C /* RealtimeProvider.swift */,
			);
			path = Providers;
			sourceTree = "<group>";
		};
		E4D901082B02F94900045FFD /* CategoryCollectionCell */ = {
			isa = PBXGroup;
			children = (
				E4D900E72B028F9F00045FFD /* CategoryCollectionCell.swift */,
			);
			path = CategoryCollectionCell;
			sourceTree = "<group>";
		};
		E4D901092B02F95C00045FFD /* MostSelledCollectionCell */ = {
			isa = PBXGroup;
			children = (
				E4D9010C2B02FA6100045FFD /* MostSelledCollectionCell.swift */,
				E4D9010E2B02FB9100045FFD /* TagView.swift */,
			);
			path = MostSelledCollectionCell;
			sourceTree = "<group>";
		};
		E4D901122B02FC0700045FFD /* Enums */ = {
			isa = PBXGroup;
			children = (
				E4D901132B02FC1800045FFD /* TagType.swift */,
				E46C9AC52B041DA200FC9D2C /* RealTimeKeys.swift */,
			);
			path = Enums;
			sourceTree = "<group>";
		};
/* End PBXGroup section */

/* Begin PBXNativeTarget section */
		E44663212AFFCCD300F67F83 /* CoppelTest */ = {
			isa = PBXNativeTarget;
			buildConfigurationList = E446634C2AFFCCD600F67F83 /* Build configuration list for PBXNativeTarget "CoppelTest" */;
			buildPhases = (
				E446631E2AFFCCD300F67F83 /* Sources */,
				E446631F2AFFCCD300F67F83 /* Frameworks */,
				E44663202AFFCCD300F67F83 /* Resources */,
			);
			buildRules = (
			);
			dependencies = (
				E44DF53D2B00617300FAB1E2 /* PBXTargetDependency */,
				E44DF53B2B00615500FAB1E2 /* PBXTargetDependency */,
				E44DF5392B00614400FAB1E2 /* PBXTargetDependency */,
				E44DF5372B00613E00FAB1E2 /* PBXTargetDependency */,
			);
			name = CoppelTest;
			packageProductDependencies = (
				E4AFC7AB2B0278230053EEF0 /* FirebaseAuth */,
				E4AFC7AD2B0278230053EEF0 /* FirebaseFirestore */,
				E4AFC7AF2B0278230053EEF0 /* FirebaseRemoteConfig */,
			);
			productName = CoppelTest;
			productReference = E44663222AFFCCD300F67F83 /* CoppelTest.app */;
			productType = "com.apple.product-type.application";
		};
		E44663372AFFCCD600F67F83 /* CoppelTestTests */ = {
			isa = PBXNativeTarget;
			buildConfigurationList = E446634F2AFFCCD600F67F83 /* Build configuration list for PBXNativeTarget "CoppelTestTests" */;
			buildPhases = (
				E44663342AFFCCD600F67F83 /* Sources */,
				E44663352AFFCCD600F67F83 /* Frameworks */,
				E44663362AFFCCD600F67F83 /* Resources */,
			);
			buildRules = (
			);
			dependencies = (
				E446633A2AFFCCD600F67F83 /* PBXTargetDependency */,
			);
			name = CoppelTestTests;
			productName = CoppelTestTests;
			productReference = E44663382AFFCCD600F67F83 /* CoppelTestTests.xctest */;
			productType = "com.apple.product-type.bundle.unit-test";
		};
		E44663412AFFCCD600F67F83 /* CoppelTestUITests */ = {
			isa = PBXNativeTarget;
			buildConfigurationList = E44663522AFFCCD600F67F83 /* Build configuration list for PBXNativeTarget "CoppelTestUITests" */;
			buildPhases = (
				E446633E2AFFCCD600F67F83 /* Sources */,
				E446633F2AFFCCD600F67F83 /* Frameworks */,
				E44663402AFFCCD600F67F83 /* Resources */,
			);
			buildRules = (
			);
			dependencies = (
				E44663442AFFCCD600F67F83 /* PBXTargetDependency */,
			);
			name = CoppelTestUITests;
			productName = CoppelTestUITests;
			productReference = E44663422AFFCCD600F67F83 /* CoppelTestUITests.xctest */;
			productType = "com.apple.product-type.bundle.ui-testing";
		};
/* End PBXNativeTarget section */

/* Begin PBXProject section */
		E446631A2AFFCCD300F67F83 /* Project object */ = {
			isa = PBXProject;
			attributes = {
				BuildIndependentTargetsInParallel = 1;
				LastSwiftUpdateCheck = 1500;
				LastUpgradeCheck = 1500;
				TargetAttributes = {
					E44663212AFFCCD300F67F83 = {
						CreatedOnToolsVersion = 15.0;
					};
					E44663372AFFCCD600F67F83 = {
						CreatedOnToolsVersion = 15.0;
						TestTargetID = E44663212AFFCCD300F67F83;
					};
					E44663412AFFCCD600F67F83 = {
						CreatedOnToolsVersion = 15.0;
						TestTargetID = E44663212AFFCCD300F67F83;
					};
				};
			};
			buildConfigurationList = E446631D2AFFCCD300F67F83 /* Build configuration list for PBXProject "CoppelTest" */;
			compatibilityVersion = "Xcode 14.0";
			developmentRegion = en;
			hasScannedForEncodings = 0;
			knownRegions = (
				en,
				Base,
			);
			mainGroup = E44663192AFFCCD300F67F83;
			packageReferences = (
				E4AFC7AA2B0278230053EEF0 /* XCRemoteSwiftPackageReference "firebase-ios-sdk" */,
			);
			productRefGroup = E44663232AFFCCD300F67F83 /* Products */;
			projectDirPath = "";
			projectRoot = "";
			targets = (
				E44663212AFFCCD300F67F83 /* CoppelTest */,
				E44663372AFFCCD600F67F83 /* CoppelTestTests */,
				E44663412AFFCCD600F67F83 /* CoppelTestUITests */,
			);
		};
/* End PBXProject section */

/* Begin PBXResourcesBuildPhase section */
		E44663202AFFCCD300F67F83 /* Resources */ = {
			isa = PBXResourcesBuildPhase;
			buildActionMask = 2147483647;
			files = (
				E4D900DF2B028A5D00045FFD /* HomeView.storyboard in Resources */,
				E46C9ACB2B04280200FC9D2C /* MaintenanceView.storyboard in Resources */,
				E44663632AFFD9E300F67F83 /* SF-Pro-Display-Medium.otf in Resources */,
				E44663642AFFD9E300F67F83 /* SF-Pro-Display-Bold.otf in Resources */,
				E44663822B000AE800F67F83 /* GoogleService-Info.plist in Resources */,
				E44663322AFFCCD500F67F83 /* LaunchScreen.storyboard in Resources */,
				E446632F2AFFCCD500F67F83 /* Assets.xcassets in Resources */,
				E44663652AFFD9E300F67F83 /* SF-Pro-Display-Light.otf in Resources */,
				E44663702AFFE03800F67F83 /* Colors.xcassets in Resources */,
				E44663662AFFD9E300F67F83 /* SF-Pro-Display-Regular.otf in Resources */,
				E446632D2AFFCCD300F67F83 /* LoginView.storyboard in Resources */,
			);
			runOnlyForDeploymentPostprocessing = 0;
		};
		E44663362AFFCCD600F67F83 /* Resources */ = {
			isa = PBXResourcesBuildPhase;
			buildActionMask = 2147483647;
			files = (
			);
			runOnlyForDeploymentPostprocessing = 0;
		};
		E44663402AFFCCD600F67F83 /* Resources */ = {
			isa = PBXResourcesBuildPhase;
			buildActionMask = 2147483647;
			files = (
			);
			runOnlyForDeploymentPostprocessing = 0;
		};
/* End PBXResourcesBuildPhase section */

/* Begin PBXSourcesBuildPhase section */
		E446631E2AFFCCD300F67F83 /* Sources */ = {
			isa = PBXSourcesBuildPhase;
			buildActionMask = 2147483647;
			files = (
				E44663932B001FFC00F67F83 /* UIViewController+ShowMessage.swift in Sources */,
				E46C9ABB2B03C73700FC9D2C /* BrandsCollectionCell.swift in Sources */,
				E4D901072B02D98800045FFD /* BrandsProvider.swift in Sources */,
				E4D900F52B02C26C00045FFD /* ProviderError.swift in Sources */,
				E4D901142B02FC1800045FFD /* TagType.swift in Sources */,
				E4D900EA2B0297EF00045FFD /* Strings.swift in Sources */,
				E44663962B00219C00F67F83 /* LoginViewBuilder.swift in Sources */,
				E44663862B000BFA00F67F83 /* LoginPresenter.swift in Sources */,
				E46C9AC62B041DA200FC9D2C /* RealTimeKeys.swift in Sources */,
				E4D9010F2B02FB9100045FFD /* TagView.swift in Sources */,
				E446638F2B00100C00F67F83 /* AuthManager.swift in Sources */,
				E4D900E82B028F9F00045FFD /* CategoryCollectionCell.swift in Sources */,
				E4D900E62B028E4600045FFD /* Category.swift in Sources */,
				E44663912B0012F000F67F83 /* LoginError.swift in Sources */,
				E46C9AC42B04144C00FC9D2C /* RealtimeProvider.swift in Sources */,
				E44663742AFFEA1600F67F83 /* Images.swift in Sources */,
				E446632A2AFFCCD300F67F83 /* LoginView.swift in Sources */,
				E46C9AD02B04637B00FC9D2C /* PromoBanner.swift in Sources */,
				E46C9ACE2B042D7300FC9D2C /* UIWindow+TopMostController.swift in Sources */,
				E4D901182B030EC200045FFD /* String+StrikeThrough.swift in Sources */,
				E4D900FE2B02D63D00045FFD /* MostSelledProvider.swift in Sources */,
				E4D901052B02D87900045FFD /* Brand.swift in Sources */,
				E46C9AC12B03D9FE00FC9D2C /* String+Width.swift in Sources */,
				E4D900F32B02C15300045FFD /* CategoriesProvider.swift in Sources */,
				E44663842B000BE200F67F83 /* LoginInteractor.swift in Sources */,
				E46C9AB82B03B75C00FC9D2C /* BaseCollectionView.swift in Sources */,
				E44663882B000C1800F67F83 /* User.swift in Sources */,
				E446636E2AFFDFBC00F67F83 /* Colors.swift in Sources */,
				E44663262AFFCCD300F67F83 /* AppDelegate.swift in Sources */,
				E4D9010D2B02FA6100045FFD /* MostSelledCollectionCell.swift in Sources */,
				E4D900ED2B02989900045FFD /* HomeViewBuilder.swift in Sources */,
				E4D901032B02D86B00045FFD /* MostSelled.swift in Sources */,
				E44663772AFFEADA00F67F83 /* PasswordField.swift in Sources */,
				E446638C2B000C4700F67F83 /* LoginViewProtocols.swift in Sources */,
				E46C9ABD2B03CF9E00FC9D2C /* NavController+Transition.swift in Sources */,
				E4D900DD2B028A5100045FFD /* HomeView.swift in Sources */,
				E446638A2B000C2400F67F83 /* LoginRouter.swift in Sources */,
				E446636B2AFFDBA900F67F83 /* UIView.swift in Sources */,
				E46C9ABF2B03D9D500FC9D2C /* ActivityIndicatable.swift in Sources */,
				E4D900F12B029FD200045FFD /* UIImageView+Download.swift in Sources */,
				E46C9AC82B0427EA00FC9D2C /* MaintenanceView.swift in Sources */,
				E4D900FA2B02C5C900045FFD /* HomePresenter.swift in Sources */,
				E4D900F82B02C4AA00045FFD /* HomeProtocols.swift in Sources */,
				E4D900EF2B0298BF00045FFD /* HomeRouter.swift in Sources */,
				E4D900FC2B02C93B00045FFD /* HomeInteractor.swift in Sources */,
				E4D901002B02D66D00045FFD /* BaseProvider.swift in Sources */,
			);
			runOnlyForDeploymentPostprocessing = 0;
		};
		E44663342AFFCCD600F67F83 /* Sources */ = {
			isa = PBXSourcesBuildPhase;
			buildActionMask = 2147483647;
			files = (
				E446633D2AFFCCD600F67F83 /* CoppelTestTests.swift in Sources */,
			);
			runOnlyForDeploymentPostprocessing = 0;
		};
		E446633E2AFFCCD600F67F83 /* Sources */ = {
			isa = PBXSourcesBuildPhase;
			buildActionMask = 2147483647;
			files = (
				E43167EE2B026B1400C3974A /* LoginPresenter.swift in Sources */,
				E43167EC2B026AFB00C3974A /* LoginViewProtocols.swift in Sources */,
				E44663472AFFCCD600F67F83 /* CoppelTestUITests.swift in Sources */,
				E43167ED2B026B0A00C3974A /* LoginInteractor.swift in Sources */,
				E43167EA2B026AC600C3974A /* AuthManager.swift in Sources */,
				E43167EB2B026AD900C3974A /* LoginError.swift in Sources */,
				E44663492AFFCCD600F67F83 /* CoppelTestUITestsLaunchTests.swift in Sources */,
				E43167F02B026B2C00C3974A /* LoginRouter.swift in Sources */,
				E43167E92B026AAA00C3974A /* User.swift in Sources */,
			);
			runOnlyForDeploymentPostprocessing = 0;
		};
/* End PBXSourcesBuildPhase section */

/* Begin PBXTargetDependency section */
		E446633A2AFFCCD600F67F83 /* PBXTargetDependency */ = {
			isa = PBXTargetDependency;
			target = E44663212AFFCCD300F67F83 /* CoppelTest */;
			targetProxy = E44663392AFFCCD600F67F83 /* PBXContainerItemProxy */;
		};
		E44663442AFFCCD600F67F83 /* PBXTargetDependency */ = {
			isa = PBXTargetDependency;
			target = E44663212AFFCCD300F67F83 /* CoppelTest */;
			targetProxy = E44663432AFFCCD600F67F83 /* PBXContainerItemProxy */;
		};
		E44DF5372B00613E00FAB1E2 /* PBXTargetDependency */ = {
			isa = PBXTargetDependency;
			productRef = E44DF5362B00613E00FAB1E2 /* FirebaseAuth */;
		};
		E44DF5392B00614400FAB1E2 /* PBXTargetDependency */ = {
			isa = PBXTargetDependency;
			productRef = E44DF5382B00614400FAB1E2 /* FirebaseRemoteConfig */;
		};
		E44DF53B2B00615500FAB1E2 /* PBXTargetDependency */ = {
			isa = PBXTargetDependency;
			productRef = E44DF53A2B00615500FAB1E2 /* FirebaseStorage */;
		};
		E44DF53D2B00617300FAB1E2 /* PBXTargetDependency */ = {
			isa = PBXTargetDependency;
			productRef = E44DF53C2B00617300FAB1E2 /* FirebaseFirestore */;
		};
/* End PBXTargetDependency section */

/* Begin PBXVariantGroup section */
		E446632B2AFFCCD300F67F83 /* LoginView.storyboard */ = {
			isa = PBXVariantGroup;
			children = (
				E446632C2AFFCCD300F67F83 /* Base */,
			);
			name = LoginView.storyboard;
			sourceTree = "<group>";
		};
		E44663302AFFCCD500F67F83 /* LaunchScreen.storyboard */ = {
			isa = PBXVariantGroup;
			children = (
				E44663312AFFCCD500F67F83 /* Base */,
			);
			name = LaunchScreen.storyboard;
			sourceTree = "<group>";
		};
/* End PBXVariantGroup section */

/* Begin XCBuildConfiguration section */
		E446634A2AFFCCD600F67F83 /* Debug */ = {
			isa = XCBuildConfiguration;
			buildSettings = {
				ALWAYS_SEARCH_USER_PATHS = NO;
				ASSETCATALOG_COMPILER_GENERATE_SWIFT_ASSET_SYMBOL_EXTENSIONS = YES;
				CLANG_ANALYZER_NONNULL = YES;
				CLANG_ANALYZER_NUMBER_OBJECT_CONVERSION = YES_AGGRESSIVE;
				CLANG_CXX_LANGUAGE_STANDARD = "gnu++20";
				CLANG_ENABLE_MODULES = YES;
				CLANG_ENABLE_OBJC_ARC = YES;
				CLANG_ENABLE_OBJC_WEAK = YES;
				CLANG_WARN_BLOCK_CAPTURE_AUTORELEASING = YES;
				CLANG_WARN_BOOL_CONVERSION = YES;
				CLANG_WARN_COMMA = YES;
				CLANG_WARN_CONSTANT_CONVERSION = YES;
				CLANG_WARN_DEPRECATED_OBJC_IMPLEMENTATIONS = YES;
				CLANG_WARN_DIRECT_OBJC_ISA_USAGE = YES_ERROR;
				CLANG_WARN_DOCUMENTATION_COMMENTS = YES;
				CLANG_WARN_EMPTY_BODY = YES;
				CLANG_WARN_ENUM_CONVERSION = YES;
				CLANG_WARN_INFINITE_RECURSION = YES;
				CLANG_WARN_INT_CONVERSION = YES;
				CLANG_WARN_NON_LITERAL_NULL_CONVERSION = YES;
				CLANG_WARN_OBJC_IMPLICIT_RETAIN_SELF = YES;
				CLANG_WARN_OBJC_LITERAL_CONVERSION = YES;
				CLANG_WARN_OBJC_ROOT_CLASS = YES_ERROR;
				CLANG_WARN_QUOTED_INCLUDE_IN_FRAMEWORK_HEADER = YES;
				CLANG_WARN_RANGE_LOOP_ANALYSIS = YES;
				CLANG_WARN_STRICT_PROTOTYPES = YES;
				CLANG_WARN_SUSPICIOUS_MOVE = YES;
				CLANG_WARN_UNGUARDED_AVAILABILITY = YES_AGGRESSIVE;
				CLANG_WARN_UNREACHABLE_CODE = YES;
				CLANG_WARN__DUPLICATE_METHOD_MATCH = YES;
				COPY_PHASE_STRIP = NO;
				DEBUG_INFORMATION_FORMAT = dwarf;
				ENABLE_STRICT_OBJC_MSGSEND = YES;
				ENABLE_TESTABILITY = YES;
				ENABLE_USER_SCRIPT_SANDBOXING = YES;
				GCC_C_LANGUAGE_STANDARD = gnu17;
				GCC_DYNAMIC_NO_PIC = NO;
				GCC_NO_COMMON_BLOCKS = YES;
				GCC_OPTIMIZATION_LEVEL = 0;
				GCC_PREPROCESSOR_DEFINITIONS = (
					"DEBUG=1",
					"$(inherited)",
				);
				GCC_WARN_64_TO_32_BIT_CONVERSION = YES;
				GCC_WARN_ABOUT_RETURN_TYPE = YES_ERROR;
				GCC_WARN_UNDECLARED_SELECTOR = YES;
				GCC_WARN_UNINITIALIZED_AUTOS = YES_AGGRESSIVE;
				GCC_WARN_UNUSED_FUNCTION = YES;
				GCC_WARN_UNUSED_VARIABLE = YES;
				IPHONEOS_DEPLOYMENT_TARGET = 17.0;
				LOCALIZATION_PREFERS_STRING_CATALOGS = YES;
				MTL_ENABLE_DEBUG_INFO = INCLUDE_SOURCE;
				MTL_FAST_MATH = YES;
				ONLY_ACTIVE_ARCH = YES;
				SDKROOT = iphoneos;
				SWIFT_ACTIVE_COMPILATION_CONDITIONS = "DEBUG $(inherited)";
				SWIFT_OPTIMIZATION_LEVEL = "-Onone";
			};
			name = Debug;
		};
		E446634B2AFFCCD600F67F83 /* Release */ = {
			isa = XCBuildConfiguration;
			buildSettings = {
				ALWAYS_SEARCH_USER_PATHS = NO;
				ASSETCATALOG_COMPILER_GENERATE_SWIFT_ASSET_SYMBOL_EXTENSIONS = YES;
				CLANG_ANALYZER_NONNULL = YES;
				CLANG_ANALYZER_NUMBER_OBJECT_CONVERSION = YES_AGGRESSIVE;
				CLANG_CXX_LANGUAGE_STANDARD = "gnu++20";
				CLANG_ENABLE_MODULES = YES;
				CLANG_ENABLE_OBJC_ARC = YES;
				CLANG_ENABLE_OBJC_WEAK = YES;
				CLANG_WARN_BLOCK_CAPTURE_AUTORELEASING = YES;
				CLANG_WARN_BOOL_CONVERSION = YES;
				CLANG_WARN_COMMA = YES;
				CLANG_WARN_CONSTANT_CONVERSION = YES;
				CLANG_WARN_DEPRECATED_OBJC_IMPLEMENTATIONS = YES;
				CLANG_WARN_DIRECT_OBJC_ISA_USAGE = YES_ERROR;
				CLANG_WARN_DOCUMENTATION_COMMENTS = YES;
				CLANG_WARN_EMPTY_BODY = YES;
				CLANG_WARN_ENUM_CONVERSION = YES;
				CLANG_WARN_INFINITE_RECURSION = YES;
				CLANG_WARN_INT_CONVERSION = YES;
				CLANG_WARN_NON_LITERAL_NULL_CONVERSION = YES;
				CLANG_WARN_OBJC_IMPLICIT_RETAIN_SELF = YES;
				CLANG_WARN_OBJC_LITERAL_CONVERSION = YES;
				CLANG_WARN_OBJC_ROOT_CLASS = YES_ERROR;
				CLANG_WARN_QUOTED_INCLUDE_IN_FRAMEWORK_HEADER = YES;
				CLANG_WARN_RANGE_LOOP_ANALYSIS = YES;
				CLANG_WARN_STRICT_PROTOTYPES = YES;
				CLANG_WARN_SUSPICIOUS_MOVE = YES;
				CLANG_WARN_UNGUARDED_AVAILABILITY = YES_AGGRESSIVE;
				CLANG_WARN_UNREACHABLE_CODE = YES;
				CLANG_WARN__DUPLICATE_METHOD_MATCH = YES;
				COPY_PHASE_STRIP = NO;
				DEBUG_INFORMATION_FORMAT = "dwarf-with-dsym";
				ENABLE_NS_ASSERTIONS = NO;
				ENABLE_STRICT_OBJC_MSGSEND = YES;
				ENABLE_USER_SCRIPT_SANDBOXING = YES;
				GCC_C_LANGUAGE_STANDARD = gnu17;
				GCC_NO_COMMON_BLOCKS = YES;
				GCC_WARN_64_TO_32_BIT_CONVERSION = YES;
				GCC_WARN_ABOUT_RETURN_TYPE = YES_ERROR;
				GCC_WARN_UNDECLARED_SELECTOR = YES;
				GCC_WARN_UNINITIALIZED_AUTOS = YES_AGGRESSIVE;
				GCC_WARN_UNUSED_FUNCTION = YES;
				GCC_WARN_UNUSED_VARIABLE = YES;
				IPHONEOS_DEPLOYMENT_TARGET = 17.0;
				LOCALIZATION_PREFERS_STRING_CATALOGS = YES;
				MTL_ENABLE_DEBUG_INFO = NO;
				MTL_FAST_MATH = YES;
				SDKROOT = iphoneos;
				SWIFT_COMPILATION_MODE = wholemodule;
				VALIDATE_PRODUCT = YES;
			};
			name = Release;
		};
		E446634D2AFFCCD600F67F83 /* Debug */ = {
			isa = XCBuildConfiguration;
			buildSettings = {
				ASSETCATALOG_COMPILER_APPICON_NAME = AppIcon;
				ASSETCATALOG_COMPILER_GLOBAL_ACCENT_COLOR_NAME = AccentColor;
				CODE_SIGN_STYLE = Automatic;
				CURRENT_PROJECT_VERSION = 1;
				DEVELOPMENT_TEAM = QS45582WJA;
				ENABLE_USER_SCRIPT_SANDBOXING = NO;
				GENERATE_INFOPLIST_FILE = YES;
				INFOPLIST_FILE = CoppelTest/Info.plist;
				INFOPLIST_KEY_UIApplicationSupportsIndirectInputEvents = YES;
				INFOPLIST_KEY_UILaunchStoryboardName = LaunchScreen;
				INFOPLIST_KEY_UIMainStoryboardFile = LoginView;
				INFOPLIST_KEY_UISupportedInterfaceOrientations_iPad = "UIInterfaceOrientationPortrait UIInterfaceOrientationPortraitUpsideDown UIInterfaceOrientationLandscapeLeft UIInterfaceOrientationLandscapeRight";
				INFOPLIST_KEY_UISupportedInterfaceOrientations_iPhone = "UIInterfaceOrientationPortrait UIInterfaceOrientationLandscapeLeft UIInterfaceOrientationLandscapeRight";
				LD_RUNPATH_SEARCH_PATHS = (
					"$(inherited)",
					"@executable_path/Frameworks",
				);
				MARKETING_VERSION = 1.0;
				OTHER_LDFLAGS = "-ObjC";
				PRODUCT_BUNDLE_IDENTIFIER = com.victorbarcenas.CoppelTest;
				PRODUCT_NAME = "$(TARGET_NAME)";
				SWIFT_EMIT_LOC_STRINGS = YES;
				SWIFT_VERSION = 5.0;
				TARGETED_DEVICE_FAMILY = "1,2";
			};
			name = Debug;
		};
		E446634E2AFFCCD600F67F83 /* Release */ = {
			isa = XCBuildConfiguration;
			buildSettings = {
				ASSETCATALOG_COMPILER_APPICON_NAME = AppIcon;
				ASSETCATALOG_COMPILER_GLOBAL_ACCENT_COLOR_NAME = AccentColor;
				CODE_SIGN_STYLE = Automatic;
				CURRENT_PROJECT_VERSION = 1;
				DEVELOPMENT_TEAM = QS45582WJA;
				ENABLE_USER_SCRIPT_SANDBOXING = NO;
				GENERATE_INFOPLIST_FILE = YES;
				INFOPLIST_FILE = CoppelTest/Info.plist;
				INFOPLIST_KEY_UIApplicationSupportsIndirectInputEvents = YES;
				INFOPLIST_KEY_UILaunchStoryboardName = LaunchScreen;
				INFOPLIST_KEY_UIMainStoryboardFile = LoginView;
				INFOPLIST_KEY_UISupportedInterfaceOrientations_iPad = "UIInterfaceOrientationPortrait UIInterfaceOrientationPortraitUpsideDown UIInterfaceOrientationLandscapeLeft UIInterfaceOrientationLandscapeRight";
				INFOPLIST_KEY_UISupportedInterfaceOrientations_iPhone = "UIInterfaceOrientationPortrait UIInterfaceOrientationLandscapeLeft UIInterfaceOrientationLandscapeRight";
				LD_RUNPATH_SEARCH_PATHS = (
					"$(inherited)",
					"@executable_path/Frameworks",
				);
				MARKETING_VERSION = 1.0;
				OTHER_LDFLAGS = "-ObjC";
				PRODUCT_BUNDLE_IDENTIFIER = com.victorbarcenas.CoppelTest;
				PRODUCT_NAME = "$(TARGET_NAME)";
				SWIFT_EMIT_LOC_STRINGS = YES;
				SWIFT_VERSION = 5.0;
				TARGETED_DEVICE_FAMILY = "1,2";
			};
			name = Release;
		};
		E44663502AFFCCD600F67F83 /* Debug */ = {
			isa = XCBuildConfiguration;
			buildSettings = {
				ALWAYS_EMBED_SWIFT_STANDARD_LIBRARIES = YES;
				BUNDLE_LOADER = "$(TEST_HOST)";
				CODE_SIGN_STYLE = Automatic;
				CURRENT_PROJECT_VERSION = 1;
				DEVELOPMENT_TEAM = QS45582WJA;
				ENABLE_USER_SCRIPT_SANDBOXING = NO;
				GENERATE_INFOPLIST_FILE = YES;
				IPHONEOS_DEPLOYMENT_TARGET = 17.0;
				MARKETING_VERSION = 1.0;
				PRODUCT_BUNDLE_IDENTIFIER = com.victorbarcenas.CoppelTestTests;
				PRODUCT_NAME = "$(TARGET_NAME)";
				SWIFT_EMIT_LOC_STRINGS = NO;
				SWIFT_VERSION = 5.0;
				TARGETED_DEVICE_FAMILY = "1,2";
				TEST_HOST = "$(BUILT_PRODUCTS_DIR)/CoppelTest.app/$(BUNDLE_EXECUTABLE_FOLDER_PATH)/CoppelTest";
			};
			name = Debug;
		};
		E44663512AFFCCD600F67F83 /* Release */ = {
			isa = XCBuildConfiguration;
			buildSettings = {
				ALWAYS_EMBED_SWIFT_STANDARD_LIBRARIES = YES;
				BUNDLE_LOADER = "$(TEST_HOST)";
				CODE_SIGN_STYLE = Automatic;
				CURRENT_PROJECT_VERSION = 1;
				DEVELOPMENT_TEAM = QS45582WJA;
				ENABLE_USER_SCRIPT_SANDBOXING = NO;
				GENERATE_INFOPLIST_FILE = YES;
				IPHONEOS_DEPLOYMENT_TARGET = 17.0;
				MARKETING_VERSION = 1.0;
				PRODUCT_BUNDLE_IDENTIFIER = com.victorbarcenas.CoppelTestTests;
				PRODUCT_NAME = "$(TARGET_NAME)";
				SWIFT_EMIT_LOC_STRINGS = NO;
				SWIFT_VERSION = 5.0;
				TARGETED_DEVICE_FAMILY = "1,2";
				TEST_HOST = "$(BUILT_PRODUCTS_DIR)/CoppelTest.app/$(BUNDLE_EXECUTABLE_FOLDER_PATH)/CoppelTest";
			};
			name = Release;
		};
		E44663532AFFCCD600F67F83 /* Debug */ = {
			isa = XCBuildConfiguration;
			buildSettings = {
				ALWAYS_EMBED_SWIFT_STANDARD_LIBRARIES = YES;
				CODE_SIGN_STYLE = Automatic;
				CURRENT_PROJECT_VERSION = 1;
				DEVELOPMENT_TEAM = QS45582WJA;
				ENABLE_USER_SCRIPT_SANDBOXING = NO;
				GENERATE_INFOPLIST_FILE = YES;
				MARKETING_VERSION = 1.0;
				PRODUCT_BUNDLE_IDENTIFIER = com.victorbarcenas.CoppelTestUITests;
				PRODUCT_NAME = "$(TARGET_NAME)";
				SWIFT_EMIT_LOC_STRINGS = NO;
				SWIFT_VERSION = 5.0;
				TARGETED_DEVICE_FAMILY = "1,2";
				TEST_TARGET_NAME = CoppelTest;
			};
			name = Debug;
		};
		E44663542AFFCCD600F67F83 /* Release */ = {
			isa = XCBuildConfiguration;
			buildSettings = {
				ALWAYS_EMBED_SWIFT_STANDARD_LIBRARIES = YES;
				CODE_SIGN_STYLE = Automatic;
				CURRENT_PROJECT_VERSION = 1;
				DEVELOPMENT_TEAM = QS45582WJA;
				ENABLE_USER_SCRIPT_SANDBOXING = NO;
				GENERATE_INFOPLIST_FILE = YES;
				MARKETING_VERSION = 1.0;
				PRODUCT_BUNDLE_IDENTIFIER = com.victorbarcenas.CoppelTestUITests;
				PRODUCT_NAME = "$(TARGET_NAME)";
				SWIFT_EMIT_LOC_STRINGS = NO;
				SWIFT_VERSION = 5.0;
				TARGETED_DEVICE_FAMILY = "1,2";
				TEST_TARGET_NAME = CoppelTest;
			};
			name = Release;
		};
/* End XCBuildConfiguration section */

/* Begin XCConfigurationList section */
		E446631D2AFFCCD300F67F83 /* Build configuration list for PBXProject "CoppelTest" */ = {
			isa = XCConfigurationList;
			buildConfigurations = (
				E446634A2AFFCCD600F67F83 /* Debug */,
				E446634B2AFFCCD600F67F83 /* Release */,
			);
			defaultConfigurationIsVisible = 0;
			defaultConfigurationName = Release;
		};
		E446634C2AFFCCD600F67F83 /* Build configuration list for PBXNativeTarget "CoppelTest" */ = {
			isa = XCConfigurationList;
			buildConfigurations = (
				E446634D2AFFCCD600F67F83 /* Debug */,
				E446634E2AFFCCD600F67F83 /* Release */,
			);
			defaultConfigurationIsVisible = 0;
			defaultConfigurationName = Release;
		};
		E446634F2AFFCCD600F67F83 /* Build configuration list for PBXNativeTarget "CoppelTestTests" */ = {
			isa = XCConfigurationList;
			buildConfigurations = (
				E44663502AFFCCD600F67F83 /* Debug */,
				E44663512AFFCCD600F67F83 /* Release */,
			);
			defaultConfigurationIsVisible = 0;
			defaultConfigurationName = Release;
		};
		E44663522AFFCCD600F67F83 /* Build configuration list for PBXNativeTarget "CoppelTestUITests" */ = {
			isa = XCConfigurationList;
			buildConfigurations = (
				E44663532AFFCCD600F67F83 /* Debug */,
				E44663542AFFCCD600F67F83 /* Release */,
			);
			defaultConfigurationIsVisible = 0;
			defaultConfigurationName = Release;
		};
/* End XCConfigurationList section */

/* Begin XCRemoteSwiftPackageReference section */
		E44DF52D2B00606500FAB1E2 /* XCRemoteSwiftPackageReference "firebase-ios-sdk" */ = {
			isa = XCRemoteSwiftPackageReference;
			repositoryURL = "https://github.com/firebase/firebase-ios-sdk.git";
			requirement = {
				kind = upToNextMajorVersion;
				minimumVersion = 10.17.0;
			};
		};
		E4AFC7AA2B0278230053EEF0 /* XCRemoteSwiftPackageReference "firebase-ios-sdk" */ = {
			isa = XCRemoteSwiftPackageReference;
			repositoryURL = "https://github.com/firebase/firebase-ios-sdk.git";
			requirement = {
				kind = upToNextMajorVersion;
				minimumVersion = 10.17.0;
			};
		};
/* End XCRemoteSwiftPackageReference section */

/* Begin XCSwiftPackageProductDependency section */
		E44DF5362B00613E00FAB1E2 /* FirebaseAuth */ = {
			isa = XCSwiftPackageProductDependency;
			package = E44DF52D2B00606500FAB1E2 /* XCRemoteSwiftPackageReference "firebase-ios-sdk" */;
			productName = FirebaseAuth;
		};
		E44DF5382B00614400FAB1E2 /* FirebaseRemoteConfig */ = {
			isa = XCSwiftPackageProductDependency;
			package = E44DF52D2B00606500FAB1E2 /* XCRemoteSwiftPackageReference "firebase-ios-sdk" */;
			productName = FirebaseRemoteConfig;
		};
		E44DF53A2B00615500FAB1E2 /* FirebaseStorage */ = {
			isa = XCSwiftPackageProductDependency;
			package = E44DF52D2B00606500FAB1E2 /* XCRemoteSwiftPackageReference "firebase-ios-sdk" */;
			productName = FirebaseStorage;
		};
		E44DF53C2B00617300FAB1E2 /* FirebaseFirestore */ = {
			isa = XCSwiftPackageProductDependency;
			package = E44DF52D2B00606500FAB1E2 /* XCRemoteSwiftPackageReference "firebase-ios-sdk" */;
			productName = FirebaseFirestore;
		};
		E4AFC7AB2B0278230053EEF0 /* FirebaseAuth */ = {
			isa = XCSwiftPackageProductDependency;
			package = E4AFC7AA2B0278230053EEF0 /* XCRemoteSwiftPackageReference "firebase-ios-sdk" */;
			productName = FirebaseAuth;
		};
		E4AFC7AD2B0278230053EEF0 /* FirebaseFirestore */ = {
			isa = XCSwiftPackageProductDependency;
			package = E4AFC7AA2B0278230053EEF0 /* XCRemoteSwiftPackageReference "firebase-ios-sdk" */;
			productName = FirebaseFirestore;
		};
		E4AFC7AF2B0278230053EEF0 /* FirebaseRemoteConfig */ = {
			isa = XCSwiftPackageProductDependency;
			package = E4AFC7AA2B0278230053EEF0 /* XCRemoteSwiftPackageReference "firebase-ios-sdk" */;
			productName = FirebaseRemoteConfig;
		};
/* End XCSwiftPackageProductDependency section */
	};
	rootObject = E446631A2AFFCCD300F67F83 /* Project object */;
}
